// !$*UTF8*$!
{
	archiveVersion = 1;
	classes = {
	};
	objectVersion = 55;
	objects = {

/* Begin PBXBuildFile section */
		7A1709352898D309001E98D5 /* DateViewModel.swift in Sources */ = {isa = PBXBuildFile; fileRef = 7A1709342898D309001E98D5 /* DateViewModel.swift */; };
		7A17093A2898D466001E98D5 /* CalendarView.swift in Sources */ = {isa = PBXBuildFile; fileRef = 7A1709392898D466001E98D5 /* CalendarView.swift */; };
		7A17093C2898D4AF001E98D5 /* MainView.swift in Sources */ = {isa = PBXBuildFile; fileRef = 7A17093B2898D4AF001E98D5 /* MainView.swift */; };
		7A3BA2FB289ABB9A002ABB95 /* CurrentMonthView.swift in Sources */ = {isa = PBXBuildFile; fileRef = 7A3BA2FA289ABB9A002ABB95 /* CurrentMonthView.swift */; };
		7A3BA305289C037A002ABB95 /* DateGridView.swift in Sources */ = {isa = PBXBuildFile; fileRef = 7A3BA304289C037A002ABB95 /* DateGridView.swift */; };
		7A3BA308289C0938002ABB95 /* Text.swift in Sources */ = {isa = PBXBuildFile; fileRef = 7A3BA307289C0938002ABB95 /* Text.swift */; };
		7A3BA30A289C0B9B002ABB95 /* CalendarViewModel.swift in Sources */ = {isa = PBXBuildFile; fileRef = 7A3BA309289C0B9B002ABB95 /* CalendarViewModel.swift */; };
		7A3BA30C289C0EF2002ABB95 /* CalendarCell.swift in Sources */ = {isa = PBXBuildFile; fileRef = 7A3BA30B289C0EF2002ABB95 /* CalendarCell.swift */; };
		7A3BA30E289C0FD0002ABB95 /* MonthStruct.swift in Sources */ = {isa = PBXBuildFile; fileRef = 7A3BA30D289C0FD0002ABB95 /* MonthStruct.swift */; };
		7A3EFE1F28B6387C0061239D /* CustomNavigationBar.swift in Sources */ = {isa = PBXBuildFile; fileRef = 7A3EFE1E28B6387C0061239D /* CustomNavigationBar.swift */; };
		7A3EFE2128B651780061239D /* Poppins-Regular.ttf in Resources */ = {isa = PBXBuildFile; fileRef = 7A3EFE2028B651780061239D /* Poppins-Regular.ttf */; };
		7AAE399328A370A4002529C1 /* Color.swift in Sources */ = {isa = PBXBuildFile; fileRef = 7AAE399228A370A4002529C1 /* Color.swift */; };
		7AD34AAD288F932E00E92B73 /* AhttiaryApp.swift in Sources */ = {isa = PBXBuildFile; fileRef = 7AD34AAC288F932E00E92B73 /* AhttiaryApp.swift */; };
		7AD34AAF288F932E00E92B73 /* ContentView.swift in Sources */ = {isa = PBXBuildFile; fileRef = 7AD34AAE288F932E00E92B73 /* ContentView.swift */; };
		7AD34AB1288F933000E92B73 /* Assets.xcassets in Resources */ = {isa = PBXBuildFile; fileRef = 7AD34AB0288F933000E92B73 /* Assets.xcassets */; };
		7AD34AB4288F933000E92B73 /* Preview Assets.xcassets in Resources */ = {isa = PBXBuildFile; fileRef = 7AD34AB3288F933000E92B73 /* Preview Assets.xcassets */; };
		7AD34AC2288F947700E92B73 /* Model.swift in Sources */ = {isa = PBXBuildFile; fileRef = 7AD34AC1288F947700E92B73 /* Model.swift */; };
		8906A86C28ADE19400C1E254 /* MainViewManager.swift in Sources */ = {isa = PBXBuildFile; fileRef = 8906A86B28ADE19400C1E254 /* MainViewManager.swift */; };
		8981172A28A664B200BAB3E2 /* AhttyComment.ttf in Resources */ = {isa = PBXBuildFile; fileRef = 8981172928A664B200BAB3E2 /* AhttyComment.ttf */; };
		8981172C28A6663200BAB3E2 /* Font.swift in Sources */ = {isa = PBXBuildFile; fileRef = 8981172B28A6663200BAB3E2 /* Font.swift */; };
		8981172E28A6672000BAB3E2 /* GangwonEduAllBold.otf in Resources */ = {isa = PBXBuildFile; fileRef = 8981172D28A6672000BAB3E2 /* GangwonEduAllBold.otf */; };
		8981173028A6682B00BAB3E2 /* GangwonEduAllLight.otf in Resources */ = {isa = PBXBuildFile; fileRef = 8981172F28A6682B00BAB3E2 /* GangwonEduAllLight.otf */; };
		89D692E528A65EF700CD14AB /* Comment.swift in Sources */ = {isa = PBXBuildFile; fileRef = 89D692E428A65EF700CD14AB /* Comment.swift */; };
		F83BB7E228B4F1DB005F2D71 /* Emotion.swift in Sources */ = {isa = PBXBuildFile; fileRef = F83BB7E128B4F1DB005F2D71 /* Emotion.swift */; };
		F83BB7E628B60A9C005F2D71 /* SelectCognitiveDistortionPageView.swift in Sources */ = {isa = PBXBuildFile; fileRef = F83BB7E528B60A9C005F2D71 /* SelectCognitiveDistortionPageView.swift */; };
		F83BB7E828B60B20005F2D71 /* CognitiveDistortion.swift in Sources */ = {isa = PBXBuildFile; fileRef = F83BB7E728B60B20005F2D71 /* CognitiveDistortion.swift */; };
		F83BB7EA28B60E46005F2D71 /* CognitiveDistortionCell.swift in Sources */ = {isa = PBXBuildFile; fileRef = F83BB7E928B60E46005F2D71 /* CognitiveDistortionCell.swift */; };
		F83BB7EC28B60F53005F2D71 /* CognitiveDistortionCard.swift in Sources */ = {isa = PBXBuildFile; fileRef = F83BB7EB28B60F53005F2D71 /* CognitiveDistortionCard.swift */; };
		F83BB7EE28B63EF9005F2D71 /* DistortionPageManager.swift in Sources */ = {isa = PBXBuildFile; fileRef = F83BB7ED28B63EF9005F2D71 /* DistortionPageManager.swift */; };
		F8622D0F28AA9C00008908CB /* ScreenSize.swift in Sources */ = {isa = PBXBuildFile; fileRef = F8622D0D28AA9C00008908CB /* ScreenSize.swift */; };
		F8622D1728AA9C3B008908CB /* NSManagedObject.swift in Sources */ = {isa = PBXBuildFile; fileRef = F8622D1128AA9C3B008908CB /* NSManagedObject.swift */; };
		F8622D1828AA9C3B008908CB /* DraftNote.swift in Sources */ = {isa = PBXBuildFile; fileRef = F8622D1228AA9C3B008908CB /* DraftNote.swift */; };
		F8622D1928AA9C3B008908CB /* Note.swift in Sources */ = {isa = PBXBuildFile; fileRef = F8622D1328AA9C3B008908CB /* Note.swift */; };
		F8622D1A28AA9C3B008908CB /* Ahttiary.xcdatamodeld in Sources */ = {isa = PBXBuildFile; fileRef = F8622D1428AA9C3B008908CB /* Ahttiary.xcdatamodeld */; };
		F8622D1B28AA9C3B008908CB /* PersistentStore.swift in Sources */ = {isa = PBXBuildFile; fileRef = F8622D1628AA9C3B008908CB /* PersistentStore.swift */; };
		F8622D1D28AA9C4D008908CB /* NoteManager.swift in Sources */ = {isa = PBXBuildFile; fileRef = F8622D1C28AA9C4D008908CB /* NoteManager.swift */; };
		F8622D2428AA9C5F008908CB /* SelectEmotionPageView.swift in Sources */ = {isa = PBXBuildFile; fileRef = F8622D1F28AA9C5F008908CB /* SelectEmotionPageView.swift */; };
		F8622D2528AA9C5F008908CB /* EndPageView.swift in Sources */ = {isa = PBXBuildFile; fileRef = F8622D2028AA9C5F008908CB /* EndPageView.swift */; };
		F8622D2628AA9C5F008908CB /* TemporaryListView.swift in Sources */ = {isa = PBXBuildFile; fileRef = F8622D2128AA9C5F008908CB /* TemporaryListView.swift */; };
		F8622D2728AA9C5F008908CB /* WriteNoteView.swift in Sources */ = {isa = PBXBuildFile; fileRef = F8622D2228AA9C5F008908CB /* WriteNoteView.swift */; };
		F8622D2828AA9C5F008908CB /* WritePageView.swift in Sources */ = {isa = PBXBuildFile; fileRef = F8622D2328AA9C5F008908CB /* WritePageView.swift */; };
		F8622D2A28AAB38D008908CB /* Date.swift in Sources */ = {isa = PBXBuildFile; fileRef = F8622D2928AAB38D008908CB /* Date.swift */; };
		F8622D2C28AAB724008908CB /* ChangePageButton.swift in Sources */ = {isa = PBXBuildFile; fileRef = F8622D2B28AAB724008908CB /* ChangePageButton.swift */; };
/* End PBXBuildFile section */

/* Begin PBXFileReference section */
		7A1709342898D309001E98D5 /* DateViewModel.swift */ = {isa = PBXFileReference; fileEncoding = 4; lastKnownFileType = sourcecode.swift; path = DateViewModel.swift; sourceTree = "<group>"; };
		7A1709392898D466001E98D5 /* CalendarView.swift */ = {isa = PBXFileReference; lastKnownFileType = sourcecode.swift; path = CalendarView.swift; sourceTree = "<group>"; };
		7A17093B2898D4AF001E98D5 /* MainView.swift */ = {isa = PBXFileReference; lastKnownFileType = sourcecode.swift; path = MainView.swift; sourceTree = "<group>"; };
		7A3BA2FA289ABB9A002ABB95 /* CurrentMonthView.swift */ = {isa = PBXFileReference; lastKnownFileType = sourcecode.swift; path = CurrentMonthView.swift; sourceTree = "<group>"; };
		7A3BA304289C037A002ABB95 /* DateGridView.swift */ = {isa = PBXFileReference; lastKnownFileType = sourcecode.swift; path = DateGridView.swift; sourceTree = "<group>"; };
		7A3BA307289C0938002ABB95 /* Text.swift */ = {isa = PBXFileReference; lastKnownFileType = sourcecode.swift; path = Text.swift; sourceTree = "<group>"; };
		7A3BA309289C0B9B002ABB95 /* CalendarViewModel.swift */ = {isa = PBXFileReference; lastKnownFileType = sourcecode.swift; path = CalendarViewModel.swift; sourceTree = "<group>"; };
		7A3BA30B289C0EF2002ABB95 /* CalendarCell.swift */ = {isa = PBXFileReference; lastKnownFileType = sourcecode.swift; path = CalendarCell.swift; sourceTree = "<group>"; };
		7A3BA30D289C0FD0002ABB95 /* MonthStruct.swift */ = {isa = PBXFileReference; lastKnownFileType = sourcecode.swift; path = MonthStruct.swift; sourceTree = "<group>"; };
		7A3EFE1E28B6387C0061239D /* CustomNavigationBar.swift */ = {isa = PBXFileReference; lastKnownFileType = sourcecode.swift; path = CustomNavigationBar.swift; sourceTree = "<group>"; };
		7A3EFE2028B651780061239D /* Poppins-Regular.ttf */ = {isa = PBXFileReference; lastKnownFileType = file; path = "Poppins-Regular.ttf"; sourceTree = "<group>"; };
		7AAE399228A370A4002529C1 /* Color.swift */ = {isa = PBXFileReference; lastKnownFileType = sourcecode.swift; path = Color.swift; sourceTree = "<group>"; };
		7AD34AA9288F932E00E92B73 /* 아띠어리.app */ = {isa = PBXFileReference; explicitFileType = wrapper.application; includeInIndex = 0; path = "아띠어리.app"; sourceTree = BUILT_PRODUCTS_DIR; };
		7AD34AAC288F932E00E92B73 /* AhttiaryApp.swift */ = {isa = PBXFileReference; lastKnownFileType = sourcecode.swift; path = AhttiaryApp.swift; sourceTree = "<group>"; };
		7AD34AAE288F932E00E92B73 /* ContentView.swift */ = {isa = PBXFileReference; lastKnownFileType = sourcecode.swift; path = ContentView.swift; sourceTree = "<group>"; };
		7AD34AB0288F933000E92B73 /* Assets.xcassets */ = {isa = PBXFileReference; lastKnownFileType = folder.assetcatalog; path = Assets.xcassets; sourceTree = "<group>"; };
		7AD34AB3288F933000E92B73 /* Preview Assets.xcassets */ = {isa = PBXFileReference; lastKnownFileType = folder.assetcatalog; path = "Preview Assets.xcassets"; sourceTree = "<group>"; };
		7AD34AC1288F947700E92B73 /* Model.swift */ = {isa = PBXFileReference; lastKnownFileType = sourcecode.swift; path = Model.swift; sourceTree = "<group>"; };
		8906A86B28ADE19400C1E254 /* MainViewManager.swift */ = {isa = PBXFileReference; lastKnownFileType = sourcecode.swift; path = MainViewManager.swift; sourceTree = "<group>"; };
		891E063C28BCAB25005E785D /* 아띠어리.entitlements */ = {isa = PBXFileReference; lastKnownFileType = text.plist.entitlements; path = "아띠어리.entitlements"; sourceTree = "<group>"; };
		8981172928A664B200BAB3E2 /* AhttyComment.ttf */ = {isa = PBXFileReference; lastKnownFileType = file; path = AhttyComment.ttf; sourceTree = "<group>"; };
		8981172B28A6663200BAB3E2 /* Font.swift */ = {isa = PBXFileReference; lastKnownFileType = sourcecode.swift; path = Font.swift; sourceTree = "<group>"; };
		8981172D28A6672000BAB3E2 /* GangwonEduAllBold.otf */ = {isa = PBXFileReference; lastKnownFileType = file; path = GangwonEduAllBold.otf; sourceTree = "<group>"; };
		8981172F28A6682B00BAB3E2 /* GangwonEduAllLight.otf */ = {isa = PBXFileReference; lastKnownFileType = file; path = GangwonEduAllLight.otf; sourceTree = "<group>"; };
		89CE3B6E28A6621000B3BE42 /* Info.plist */ = {isa = PBXFileReference; lastKnownFileType = text.plist; path = Info.plist; sourceTree = "<group>"; };
		89D692E428A65EF700CD14AB /* Comment.swift */ = {isa = PBXFileReference; lastKnownFileType = sourcecode.swift; path = Comment.swift; sourceTree = "<group>"; };
		F83BB7E128B4F1DB005F2D71 /* Emotion.swift */ = {isa = PBXFileReference; lastKnownFileType = sourcecode.swift; path = Emotion.swift; sourceTree = "<group>"; };
		F83BB7E528B60A9C005F2D71 /* SelectCognitiveDistortionPageView.swift */ = {isa = PBXFileReference; lastKnownFileType = sourcecode.swift; path = SelectCognitiveDistortionPageView.swift; sourceTree = "<group>"; };
		F83BB7E728B60B20005F2D71 /* CognitiveDistortion.swift */ = {isa = PBXFileReference; lastKnownFileType = sourcecode.swift; path = CognitiveDistortion.swift; sourceTree = "<group>"; };
		F83BB7E928B60E46005F2D71 /* CognitiveDistortionCell.swift */ = {isa = PBXFileReference; lastKnownFileType = sourcecode.swift; path = CognitiveDistortionCell.swift; sourceTree = "<group>"; };
		F83BB7EB28B60F53005F2D71 /* CognitiveDistortionCard.swift */ = {isa = PBXFileReference; lastKnownFileType = sourcecode.swift; path = CognitiveDistortionCard.swift; sourceTree = "<group>"; };
		F83BB7ED28B63EF9005F2D71 /* DistortionPageManager.swift */ = {isa = PBXFileReference; lastKnownFileType = sourcecode.swift; path = DistortionPageManager.swift; sourceTree = "<group>"; };
		F8622D0D28AA9C00008908CB /* ScreenSize.swift */ = {isa = PBXFileReference; fileEncoding = 4; lastKnownFileType = sourcecode.swift; path = ScreenSize.swift; sourceTree = "<group>"; };
		F8622D1128AA9C3B008908CB /* NSManagedObject.swift */ = {isa = PBXFileReference; fileEncoding = 4; lastKnownFileType = sourcecode.swift; path = NSManagedObject.swift; sourceTree = "<group>"; };
		F8622D1228AA9C3B008908CB /* DraftNote.swift */ = {isa = PBXFileReference; fileEncoding = 4; lastKnownFileType = sourcecode.swift; path = DraftNote.swift; sourceTree = "<group>"; };
		F8622D1328AA9C3B008908CB /* Note.swift */ = {isa = PBXFileReference; fileEncoding = 4; lastKnownFileType = sourcecode.swift; path = Note.swift; sourceTree = "<group>"; };
		F8622D1528AA9C3B008908CB /* Ahttiary.xcdatamodel */ = {isa = PBXFileReference; lastKnownFileType = wrapper.xcdatamodel; path = Ahttiary.xcdatamodel; sourceTree = "<group>"; };
		F8622D1628AA9C3B008908CB /* PersistentStore.swift */ = {isa = PBXFileReference; fileEncoding = 4; lastKnownFileType = sourcecode.swift; path = PersistentStore.swift; sourceTree = "<group>"; };
		F8622D1C28AA9C4D008908CB /* NoteManager.swift */ = {isa = PBXFileReference; fileEncoding = 4; lastKnownFileType = sourcecode.swift; path = NoteManager.swift; sourceTree = "<group>"; };
		F8622D1F28AA9C5F008908CB /* SelectEmotionPageView.swift */ = {isa = PBXFileReference; fileEncoding = 4; lastKnownFileType = sourcecode.swift; path = SelectEmotionPageView.swift; sourceTree = "<group>"; };
		F8622D2028AA9C5F008908CB /* EndPageView.swift */ = {isa = PBXFileReference; fileEncoding = 4; lastKnownFileType = sourcecode.swift; path = EndPageView.swift; sourceTree = "<group>"; };
		F8622D2128AA9C5F008908CB /* TemporaryListView.swift */ = {isa = PBXFileReference; fileEncoding = 4; lastKnownFileType = sourcecode.swift; path = TemporaryListView.swift; sourceTree = "<group>"; };
		F8622D2228AA9C5F008908CB /* WriteNoteView.swift */ = {isa = PBXFileReference; fileEncoding = 4; lastKnownFileType = sourcecode.swift; path = WriteNoteView.swift; sourceTree = "<group>"; };
		F8622D2328AA9C5F008908CB /* WritePageView.swift */ = {isa = PBXFileReference; fileEncoding = 4; lastKnownFileType = sourcecode.swift; path = WritePageView.swift; sourceTree = "<group>"; };
		F8622D2928AAB38D008908CB /* Date.swift */ = {isa = PBXFileReference; lastKnownFileType = sourcecode.swift; path = Date.swift; sourceTree = "<group>"; };
		F8622D2B28AAB724008908CB /* ChangePageButton.swift */ = {isa = PBXFileReference; lastKnownFileType = sourcecode.swift; path = ChangePageButton.swift; sourceTree = "<group>"; };
/* End PBXFileReference section */

/* Begin PBXFrameworksBuildPhase section */
		7AD34AA6288F932E00E92B73 /* Frameworks */ = {
			isa = PBXFrameworksBuildPhase;
			buildActionMask = 2147483647;
			files = (
			);
			runOnlyForDeploymentPostprocessing = 0;
		};
/* End PBXFrameworksBuildPhase section */

/* Begin PBXGroup section */
		7A3BA2F9289ABADF002ABB95 /* Calendar */ = {
			isa = PBXGroup;
			children = (
				7A1709392898D466001E98D5 /* CalendarView.swift */,
				7A3BA2FA289ABB9A002ABB95 /* CurrentMonthView.swift */,
				7A3BA304289C037A002ABB95 /* DateGridView.swift */,
				7A3BA30B289C0EF2002ABB95 /* CalendarCell.swift */,
			);
			path = Calendar;
			sourceTree = "<group>";
		};
		7A3BA306289C092E002ABB95 /* Extensions */ = {
			isa = PBXGroup;
			children = (
				7A3BA307289C0938002ABB95 /* Text.swift */,
				7AAE399228A370A4002529C1 /* Color.swift */,
				F8622D0D28AA9C00008908CB /* ScreenSize.swift */,
				F8622D2928AAB38D008908CB /* Date.swift */,
			);
			path = Extensions;
			sourceTree = "<group>";
		};
		7AD34AA0288F932E00E92B73 = {
			isa = PBXGroup;
			children = (
				891E063C28BCAB25005E785D /* 아띠어리.entitlements */,
				7AD34AAB288F932E00E92B73 /* Ahttiary */,
				7AD34AAA288F932E00E92B73 /* Products */,
			);
			sourceTree = "<group>";
		};
		7AD34AAA288F932E00E92B73 /* Products */ = {
			isa = PBXGroup;
			children = (
				7AD34AA9288F932E00E92B73 /* 아띠어리.app */,
			);
			name = Products;
			sourceTree = "<group>";
		};
		7AD34AAB288F932E00E92B73 /* Ahttiary */ = {
			isa = PBXGroup;
			children = (
				F8622D1028AA9C0E008908CB /* CoreData */,
				89D692E628A660DF00CD14AB /* Fonts */,
				7A3BA306289C092E002ABB95 /* Extensions */,
				7AD34ABF288F945200E92B73 /* Models */,
				7AD34ABE288F945000E92B73 /* ViewModels */,
				7AD34AC0288F945D00E92B73 /* Views */,
				7AD34AAC288F932E00E92B73 /* AhttiaryApp.swift */,
				7AD34AB0288F933000E92B73 /* Assets.xcassets */,
				89CE3B6E28A6621000B3BE42 /* Info.plist */,
				7AD34AB2288F933000E92B73 /* Preview Content */,
			);
			path = Ahttiary;
			sourceTree = "<group>";
		};
		7AD34AB2288F933000E92B73 /* Preview Content */ = {
			isa = PBXGroup;
			children = (
				7AD34AB3288F933000E92B73 /* Preview Assets.xcassets */,
			);
			path = "Preview Content";
			sourceTree = "<group>";
		};
		7AD34ABE288F945000E92B73 /* ViewModels */ = {
			isa = PBXGroup;
			children = (
				7A1709342898D309001E98D5 /* DateViewModel.swift */,
				7A3BA309289C0B9B002ABB95 /* CalendarViewModel.swift */,
				F8622D1C28AA9C4D008908CB /* NoteManager.swift */,
				8906A86B28ADE19400C1E254 /* MainViewManager.swift */,
				F83BB7ED28B63EF9005F2D71 /* DistortionPageManager.swift */,
			);
			path = ViewModels;
			sourceTree = "<group>";
		};
		7AD34ABF288F945200E92B73 /* Models */ = {
			isa = PBXGroup;
			children = (
				7AD34AC1288F947700E92B73 /* Model.swift */,
				7A3BA30D289C0FD0002ABB95 /* MonthStruct.swift */,
				89D692E428A65EF700CD14AB /* Comment.swift */,
				F83BB7E128B4F1DB005F2D71 /* Emotion.swift */,
				F83BB7E728B60B20005F2D71 /* CognitiveDistortion.swift */,
			);
			path = Models;
			sourceTree = "<group>";
		};
		7AD34AC0288F945D00E92B73 /* Views */ = {
			isa = PBXGroup;
			children = (
				7A3BA2F9289ABADF002ABB95 /* Calendar */,
				F8622D1E28AA9C56008908CB /* Note */,
				7AD34AAE288F932E00E92B73 /* ContentView.swift */,
				7A17093B2898D4AF001E98D5 /* MainView.swift */,
				7A3EFE1E28B6387C0061239D /* CustomNavigationBar.swift */,
			);
			path = Views;
			sourceTree = "<group>";
		};
		89D692E628A660DF00CD14AB /* Fonts */ = {
			isa = PBXGroup;
			children = (
				8981172B28A6663200BAB3E2 /* Font.swift */,
				8981172928A664B200BAB3E2 /* AhttyComment.ttf */,
				8981172D28A6672000BAB3E2 /* GangwonEduAllBold.otf */,
				8981172F28A6682B00BAB3E2 /* GangwonEduAllLight.otf */,
				7A3EFE2028B651780061239D /* Poppins-Regular.ttf */,
			);
			path = Fonts;
			sourceTree = "<group>";
		};
		F8622D1028AA9C0E008908CB /* CoreData */ = {
			isa = PBXGroup;
			children = (
				F8622D1428AA9C3B008908CB /* Ahttiary.xcdatamodeld */,
				F8622D1228AA9C3B008908CB /* DraftNote.swift */,
				F8622D1328AA9C3B008908CB /* Note.swift */,
				F8622D1128AA9C3B008908CB /* NSManagedObject.swift */,
				F8622D1628AA9C3B008908CB /* PersistentStore.swift */,
			);
			path = CoreData;
			sourceTree = "<group>";
		};
		F8622D1E28AA9C56008908CB /* Note */ = {
			isa = PBXGroup;
			children = (
				F83BB7E528B60A9C005F2D71 /* SelectCognitiveDistortionPageView.swift */,
				F83BB7E928B60E46005F2D71 /* CognitiveDistortionCell.swift */,
				F83BB7EB28B60F53005F2D71 /* CognitiveDistortionCard.swift */,
				F8622D1F28AA9C5F008908CB /* SelectEmotionPageView.swift */,
				F8622D2028AA9C5F008908CB /* EndPageView.swift */,
				F8622D2128AA9C5F008908CB /* TemporaryListView.swift */,
				F8622D2228AA9C5F008908CB /* WriteNoteView.swift */,
				F8622D2328AA9C5F008908CB /* WritePageView.swift */,
				F8622D2B28AAB724008908CB /* ChangePageButton.swift */,
			);
			path = Note;
			sourceTree = "<group>";
		};
/* End PBXGroup section */

/* Begin PBXNativeTarget section */
		7AD34AA8288F932E00E92B73 /* 아띠어리 */ = {
			isa = PBXNativeTarget;
			buildConfigurationList = 7AD34AB7288F933000E92B73 /* Build configuration list for PBXNativeTarget "아띠어리" */;
			buildPhases = (
				7AD34AA5288F932E00E92B73 /* Sources */,
				7AD34AA6288F932E00E92B73 /* Frameworks */,
				7AD34AA7288F932E00E92B73 /* Resources */,
			);
			buildRules = (
			);
			dependencies = (
			);
			name = "아띠어리";
			productName = Ahttiary;
			productReference = 7AD34AA9288F932E00E92B73 /* 아띠어리.app */;
			productType = "com.apple.product-type.application";
		};
/* End PBXNativeTarget section */

/* Begin PBXProject section */
		7AD34AA1288F932E00E92B73 /* Project object */ = {
			isa = PBXProject;
			attributes = {
				BuildIndependentTargetsInParallel = 1;
				LastSwiftUpdateCheck = 1340;
				LastUpgradeCheck = 1340;
				TargetAttributes = {
					7AD34AA8288F932E00E92B73 = {
						CreatedOnToolsVersion = 13.4;
					};
				};
			};
			buildConfigurationList = 7AD34AA4288F932E00E92B73 /* Build configuration list for PBXProject "Ahttiary" */;
			compatibilityVersion = "Xcode 13.0";
			developmentRegion = en;
			hasScannedForEncodings = 0;
			knownRegions = (
				en,
				Base,
			);
			mainGroup = 7AD34AA0288F932E00E92B73;
			productRefGroup = 7AD34AAA288F932E00E92B73 /* Products */;
			projectDirPath = "";
			projectRoot = "";
			targets = (
				7AD34AA8288F932E00E92B73 /* 아띠어리 */,
			);
		};
/* End PBXProject section */

/* Begin PBXResourcesBuildPhase section */
		7AD34AA7288F932E00E92B73 /* Resources */ = {
			isa = PBXResourcesBuildPhase;
			buildActionMask = 2147483647;
			files = (
				7AD34AB4288F933000E92B73 /* Preview Assets.xcassets in Resources */,
				8981173028A6682B00BAB3E2 /* GangwonEduAllLight.otf in Resources */,
				8981172E28A6672000BAB3E2 /* GangwonEduAllBold.otf in Resources */,
				7A3EFE2128B651780061239D /* Poppins-Regular.ttf in Resources */,
				8981172A28A664B200BAB3E2 /* AhttyComment.ttf in Resources */,
				7AD34AB1288F933000E92B73 /* Assets.xcassets in Resources */,
			);
			runOnlyForDeploymentPostprocessing = 0;
		};
/* End PBXResourcesBuildPhase section */

/* Begin PBXSourcesBuildPhase section */
		7AD34AA5288F932E00E92B73 /* Sources */ = {
			isa = PBXSourcesBuildPhase;
			buildActionMask = 2147483647;
			files = (
				7A1709352898D309001E98D5 /* DateViewModel.swift in Sources */,
				F83BB7EA28B60E46005F2D71 /* CognitiveDistortionCell.swift in Sources */,
				F8622D2628AA9C5F008908CB /* TemporaryListView.swift in Sources */,
				F83BB7E228B4F1DB005F2D71 /* Emotion.swift in Sources */,
				F8622D1828AA9C3B008908CB /* DraftNote.swift in Sources */,
				7A17093C2898D4AF001E98D5 /* MainView.swift in Sources */,
				F8622D2A28AAB38D008908CB /* Date.swift in Sources */,
				F8622D2428AA9C5F008908CB /* SelectEmotionPageView.swift in Sources */,
				F8622D2528AA9C5F008908CB /* EndPageView.swift in Sources */,
				8981172C28A6663200BAB3E2 /* Font.swift in Sources */,
				F83BB7EE28B63EF9005F2D71 /* DistortionPageManager.swift in Sources */,
				7A17093A2898D466001E98D5 /* CalendarView.swift in Sources */,
				F8622D2728AA9C5F008908CB /* WriteNoteView.swift in Sources */,
				F83BB7EC28B60F53005F2D71 /* CognitiveDistortionCard.swift in Sources */,
				89D692E528A65EF700CD14AB /* Comment.swift in Sources */,
				7AD34AAF288F932E00E92B73 /* ContentView.swift in Sources */,
				F8622D1B28AA9C3B008908CB /* PersistentStore.swift in Sources */,
				7AAE399328A370A4002529C1 /* Color.swift in Sources */,
				F8622D0F28AA9C00008908CB /* ScreenSize.swift in Sources */,
				F83BB7E628B60A9C005F2D71 /* SelectCognitiveDistortionPageView.swift in Sources */,
				F8622D1D28AA9C4D008908CB /* NoteManager.swift in Sources */,
				7A3BA30A289C0B9B002ABB95 /* CalendarViewModel.swift in Sources */,
				F8622D2828AA9C5F008908CB /* WritePageView.swift in Sources */,
				7A3BA308289C0938002ABB95 /* Text.swift in Sources */,
				F83BB7E828B60B20005F2D71 /* CognitiveDistortion.swift in Sources */,
				7A3EFE1F28B6387C0061239D /* CustomNavigationBar.swift in Sources */,
				7A3BA30C289C0EF2002ABB95 /* CalendarCell.swift in Sources */,
				F8622D1A28AA9C3B008908CB /* Ahttiary.xcdatamodeld in Sources */,
				7A3BA305289C037A002ABB95 /* DateGridView.swift in Sources */,
				F8622D1728AA9C3B008908CB /* NSManagedObject.swift in Sources */,
				F8622D1928AA9C3B008908CB /* Note.swift in Sources */,
				7AD34AAD288F932E00E92B73 /* AhttiaryApp.swift in Sources */,
				8906A86C28ADE19400C1E254 /* MainViewManager.swift in Sources */,
				F8622D2C28AAB724008908CB /* ChangePageButton.swift in Sources */,
				7AD34AC2288F947700E92B73 /* Model.swift in Sources */,
				7A3BA2FB289ABB9A002ABB95 /* CurrentMonthView.swift in Sources */,
				7A3BA30E289C0FD0002ABB95 /* MonthStruct.swift in Sources */,
			);
			runOnlyForDeploymentPostprocessing = 0;
		};
/* End PBXSourcesBuildPhase section */

/* Begin XCBuildConfiguration section */
		7AD34AB5288F933000E92B73 /* Debug */ = {
			isa = XCBuildConfiguration;
			buildSettings = {
				ALWAYS_SEARCH_USER_PATHS = NO;
				CLANG_ANALYZER_NONNULL = YES;
				CLANG_ANALYZER_NUMBER_OBJECT_CONVERSION = YES_AGGRESSIVE;
				CLANG_CXX_LANGUAGE_STANDARD = "gnu++17";
				CLANG_ENABLE_MODULES = YES;
				CLANG_ENABLE_OBJC_ARC = YES;
				CLANG_ENABLE_OBJC_WEAK = YES;
				CLANG_WARN_BLOCK_CAPTURE_AUTORELEASING = YES;
				CLANG_WARN_BOOL_CONVERSION = YES;
				CLANG_WARN_COMMA = YES;
				CLANG_WARN_CONSTANT_CONVERSION = YES;
				CLANG_WARN_DEPRECATED_OBJC_IMPLEMENTATIONS = YES;
				CLANG_WARN_DIRECT_OBJC_ISA_USAGE = YES_ERROR;
				CLANG_WARN_DOCUMENTATION_COMMENTS = YES;
				CLANG_WARN_EMPTY_BODY = YES;
				CLANG_WARN_ENUM_CONVERSION = YES;
				CLANG_WARN_INFINITE_RECURSION = YES;
				CLANG_WARN_INT_CONVERSION = YES;
				CLANG_WARN_NON_LITERAL_NULL_CONVERSION = YES;
				CLANG_WARN_OBJC_IMPLICIT_RETAIN_SELF = YES;
				CLANG_WARN_OBJC_LITERAL_CONVERSION = YES;
				CLANG_WARN_OBJC_ROOT_CLASS = YES_ERROR;
				CLANG_WARN_QUOTED_INCLUDE_IN_FRAMEWORK_HEADER = YES;
				CLANG_WARN_RANGE_LOOP_ANALYSIS = YES;
				CLANG_WARN_STRICT_PROTOTYPES = YES;
				CLANG_WARN_SUSPICIOUS_MOVE = YES;
				CLANG_WARN_UNGUARDED_AVAILABILITY = YES_AGGRESSIVE;
				CLANG_WARN_UNREACHABLE_CODE = YES;
				CLANG_WARN__DUPLICATE_METHOD_MATCH = YES;
				COPY_PHASE_STRIP = NO;
				DEBUG_INFORMATION_FORMAT = dwarf;
				ENABLE_STRICT_OBJC_MSGSEND = YES;
				ENABLE_TESTABILITY = YES;
				GCC_C_LANGUAGE_STANDARD = gnu11;
				GCC_DYNAMIC_NO_PIC = NO;
				GCC_NO_COMMON_BLOCKS = YES;
				GCC_OPTIMIZATION_LEVEL = 0;
				GCC_PREPROCESSOR_DEFINITIONS = (
					"DEBUG=1",
					"$(inherited)",
				);
				GCC_WARN_64_TO_32_BIT_CONVERSION = YES;
				GCC_WARN_ABOUT_RETURN_TYPE = YES_ERROR;
				GCC_WARN_UNDECLARED_SELECTOR = YES;
				GCC_WARN_UNINITIALIZED_AUTOS = YES_AGGRESSIVE;
				GCC_WARN_UNUSED_FUNCTION = YES;
				GCC_WARN_UNUSED_VARIABLE = YES;
				IPHONEOS_DEPLOYMENT_TARGET = 15.0;
				MTL_ENABLE_DEBUG_INFO = INCLUDE_SOURCE;
				MTL_FAST_MATH = YES;
				ONLY_ACTIVE_ARCH = YES;
				SDKROOT = iphoneos;
				SWIFT_ACTIVE_COMPILATION_CONDITIONS = DEBUG;
				SWIFT_OPTIMIZATION_LEVEL = "-Onone";
			};
			name = Debug;
		};
		7AD34AB6288F933000E92B73 /* Release */ = {
			isa = XCBuildConfiguration;
			buildSettings = {
				ALWAYS_SEARCH_USER_PATHS = NO;
				CLANG_ANALYZER_NONNULL = YES;
				CLANG_ANALYZER_NUMBER_OBJECT_CONVERSION = YES_AGGRESSIVE;
				CLANG_CXX_LANGUAGE_STANDARD = "gnu++17";
				CLANG_ENABLE_MODULES = YES;
				CLANG_ENABLE_OBJC_ARC = YES;
				CLANG_ENABLE_OBJC_WEAK = YES;
				CLANG_WARN_BLOCK_CAPTURE_AUTORELEASING = YES;
				CLANG_WARN_BOOL_CONVERSION = YES;
				CLANG_WARN_COMMA = YES;
				CLANG_WARN_CONSTANT_CONVERSION = YES;
				CLANG_WARN_DEPRECATED_OBJC_IMPLEMENTATIONS = YES;
				CLANG_WARN_DIRECT_OBJC_ISA_USAGE = YES_ERROR;
				CLANG_WARN_DOCUMENTATION_COMMENTS = YES;
				CLANG_WARN_EMPTY_BODY = YES;
				CLANG_WARN_ENUM_CONVERSION = YES;
				CLANG_WARN_INFINITE_RECURSION = YES;
				CLANG_WARN_INT_CONVERSION = YES;
				CLANG_WARN_NON_LITERAL_NULL_CONVERSION = YES;
				CLANG_WARN_OBJC_IMPLICIT_RETAIN_SELF = YES;
				CLANG_WARN_OBJC_LITERAL_CONVERSION = YES;
				CLANG_WARN_OBJC_ROOT_CLASS = YES_ERROR;
				CLANG_WARN_QUOTED_INCLUDE_IN_FRAMEWORK_HEADER = YES;
				CLANG_WARN_RANGE_LOOP_ANALYSIS = YES;
				CLANG_WARN_STRICT_PROTOTYPES = YES;
				CLANG_WARN_SUSPICIOUS_MOVE = YES;
				CLANG_WARN_UNGUARDED_AVAILABILITY = YES_AGGRESSIVE;
				CLANG_WARN_UNREACHABLE_CODE = YES;
				CLANG_WARN__DUPLICATE_METHOD_MATCH = YES;
				COPY_PHASE_STRIP = NO;
				DEBUG_INFORMATION_FORMAT = "dwarf-with-dsym";
				ENABLE_NS_ASSERTIONS = NO;
				ENABLE_STRICT_OBJC_MSGSEND = YES;
				GCC_C_LANGUAGE_STANDARD = gnu11;
				GCC_NO_COMMON_BLOCKS = YES;
				GCC_WARN_64_TO_32_BIT_CONVERSION = YES;
				GCC_WARN_ABOUT_RETURN_TYPE = YES_ERROR;
				GCC_WARN_UNDECLARED_SELECTOR = YES;
				GCC_WARN_UNINITIALIZED_AUTOS = YES_AGGRESSIVE;
				GCC_WARN_UNUSED_FUNCTION = YES;
				GCC_WARN_UNUSED_VARIABLE = YES;
				IPHONEOS_DEPLOYMENT_TARGET = 15.0;
				MTL_ENABLE_DEBUG_INFO = NO;
				MTL_FAST_MATH = YES;
				SDKROOT = iphoneos;
				SWIFT_COMPILATION_MODE = wholemodule;
				SWIFT_OPTIMIZATION_LEVEL = "-O";
				VALIDATE_PRODUCT = YES;
			};
			name = Release;
		};
		7AD34AB8288F933000E92B73 /* Debug */ = {
			isa = XCBuildConfiguration;
			buildSettings = {
				ASSETCATALOG_COMPILER_APPICON_NAME = AppIcon;
				ASSETCATALOG_COMPILER_GLOBAL_ACCENT_COLOR_NAME = AccentColor;
				CODE_SIGN_ENTITLEMENTS = "아띠어리.entitlements";
				CODE_SIGN_IDENTITY = "iPhone Distribution";
				CODE_SIGN_STYLE = Manual;
				CURRENT_PROJECT_VERSION = 1;
				DEVELOPMENT_ASSET_PATHS = "\"Ahttiary/Preview Content\"";
				DEVELOPMENT_TEAM = DL9N9GFVMW;
				ENABLE_PREVIEWS = YES;
				GENERATE_INFOPLIST_FILE = YES;
				INFOPLIST_FILE = Ahttiary/Info.plist;
				INFOPLIST_KEY_UIApplicationSceneManifest_Generation = YES;
				INFOPLIST_KEY_UIApplicationSupportsIndirectInputEvents = YES;
				INFOPLIST_KEY_UILaunchScreen_Generation = YES;
				INFOPLIST_KEY_UISupportedInterfaceOrientations = UIInterfaceOrientationPortrait;
				INFOPLIST_KEY_UISupportedInterfaceOrientations_iPad = "UIInterfaceOrientationPortrait UIInterfaceOrientationLandscapeLeft UIInterfaceOrientationLandscapeRight";
				INFOPLIST_KEY_UISupportedInterfaceOrientations_iPhone = UIInterfaceOrientationPortrait;
				INFOPLIST_KEY_UIUserInterfaceStyle = Light;
				LD_RUNPATH_SEARCH_PATHS = (
					"$(inherited)",
					"@executable_path/Frameworks",
				);
				MARKETING_VERSION = 1.0;
				PRODUCT_BUNDLE_IDENTIFIER = com.mtd.ahttiary;
				PRODUCT_NAME = "$(TARGET_NAME)";
				PROVISIONING_PROFILE_SPECIFIER = ahttiaryDistribution;
				SWIFT_EMIT_LOC_STRINGS = YES;
				SWIFT_VERSION = 5.0;
				TARGETED_DEVICE_FAMILY = 1;
			};
			name = Debug;
		};
		7AD34AB9288F933000E92B73 /* Release */ = {
			isa = XCBuildConfiguration;
			buildSettings = {
				ASSETCATALOG_COMPILER_APPICON_NAME = AppIcon;
				ASSETCATALOG_COMPILER_GLOBAL_ACCENT_COLOR_NAME = AccentColor;
				CODE_SIGN_ENTITLEMENTS = "아띠어리.entitlements";
				CODE_SIGN_IDENTITY = "iPhone Distribution";
				CODE_SIGN_STYLE = Manual;
				CURRENT_PROJECT_VERSION = 1;
				DEVELOPMENT_ASSET_PATHS = "\"Ahttiary/Preview Content\"";
				DEVELOPMENT_TEAM = DL9N9GFVMW;
				ENABLE_PREVIEWS = YES;
				GENERATE_INFOPLIST_FILE = YES;
				INFOPLIST_FILE = Ahttiary/Info.plist;
				INFOPLIST_KEY_UIApplicationSceneManifest_Generation = YES;
				INFOPLIST_KEY_UIApplicationSupportsIndirectInputEvents = YES;
				INFOPLIST_KEY_UILaunchScreen_Generation = YES;
				INFOPLIST_KEY_UISupportedInterfaceOrientations = UIInterfaceOrientationPortrait;
				INFOPLIST_KEY_UISupportedInterfaceOrientations_iPad = "UIInterfaceOrientationPortrait UIInterfaceOrientationLandscapeLeft UIInterfaceOrientationLandscapeRight";
				INFOPLIST_KEY_UISupportedInterfaceOrientations_iPhone = UIInterfaceOrientationPortrait;
				INFOPLIST_KEY_UIUserInterfaceStyle = Light;
				LD_RUNPATH_SEARCH_PATHS = (
					"$(inherited)",
					"@executable_path/Frameworks",
				);
				MARKETING_VERSION = 1.0;
				PRODUCT_BUNDLE_IDENTIFIER = com.mtd.ahttiary;
				PRODUCT_NAME = "$(TARGET_NAME)";
				PROVISIONING_PROFILE_SPECIFIER = ahttiaryDistribution;
				SWIFT_EMIT_LOC_STRINGS = YES;
				SWIFT_VERSION = 5.0;
				TARGETED_DEVICE_FAMILY = 1;
			};
			name = Release;
		};
/* End XCBuildConfiguration section */

/* Begin XCConfigurationList section */
		7AD34AA4288F932E00E92B73 /* Build configuration list for PBXProject "Ahttiary" */ = {
			isa = XCConfigurationList;
			buildConfigurations = (
				7AD34AB5288F933000E92B73 /* Debug */,
				7AD34AB6288F933000E92B73 /* Release */,
			);
			defaultConfigurationIsVisible = 0;
			defaultConfigurationName = Release;
		};
		7AD34AB7288F933000E92B73 /* Build configuration list for PBXNativeTarget "아띠어리" */ = {
			isa = XCConfigurationList;
			buildConfigurations = (
				7AD34AB8288F933000E92B73 /* Debug */,
				7AD34AB9288F933000E92B73 /* Release */,
			);
			defaultConfigurationIsVisible = 0;
			defaultConfigurationName = Release;
		};
/* End XCConfigurationList section */

/* Begin XCVersionGroup section */
		F8622D1428AA9C3B008908CB /* Ahttiary.xcdatamodeld */ = {
			isa = XCVersionGroup;
			children = (
				F8622D1528AA9C3B008908CB /* Ahttiary.xcdatamodel */,
			);
			currentVersion = F8622D1528AA9C3B008908CB /* Ahttiary.xcdatamodel */;
			path = Ahttiary.xcdatamodeld;
			sourceTree = "<group>";
			versionGroupType = wrapper.xcdatamodel;
		};
/* End XCVersionGroup section */
	};
	rootObject = 7AD34AA1288F932E00E92B73 /* Project object */;
}
